PODS:
  - Reveal-SDK (2)

DEPENDENCIES:
  - Reveal-SDK (from `https://git.dev.tencent.com/sy5075391/Holy-Reveal.git`)

EXTERNAL SOURCES:
  Reveal-SDK:
    :git: https://git.dev.tencent.com/sy5075391/Holy-Reveal.git

CHECKOUT OPTIONS:
  Reveal-SDK:
    :commit: da24f53c92f245eea3e5ebb2e3c0645a7263d027
    :git: https://git.dev.tencent.com/sy5075391/Holy-Reveal.git

SPEC CHECKSUMS:
  Reveal-SDK: 5d293e58da9d435181041ef5ce8efc2a8ea4d5c5

PODFILE CHECKSUM: a3d66941c0665a178b4d9a8ad17caa6f9b04ede7

COCOAPODS: 1.9.0.beta.2
