// !$*UTF8*$!
{
	archiveVersion = 1;
	classes = {
	};
	objectVersion = 51;
	objects = {

/* Begin PBXBuildFile section */
		A17FAE916F70BFB1C2E83E72 /* libPods-EnglishAPPDemo.a in Frameworks */ = {isa = PBXBuildFile; fileRef = E2C8227791AF98DA47A579CD /* libPods-EnglishAPPDemo.a */; };
		BF0373702363FBE700D09393 /* SynExerciseBigView.swift in Sources */ = {isa = PBXBuildFile; fileRef = BF03736F2363FBE700D09393 /* SynExerciseBigView.swift */; };
		BF0373742363FD0A00D09393 /* SynExerciseBigView.xib in Resources */ = {isa = PBXBuildFile; fileRef = BF0373732363FD0A00D09393 /* SynExerciseBigView.xib */; };
		BF03737823640D4100D09393 /* SynExerciseImageView.swift in Sources */ = {isa = PBXBuildFile; fileRef = BF03737723640D4100D09393 /* SynExerciseImageView.swift */; };
		BF0C7825235DE84F00FF9CE2 /* IdentityTapGestureRecongnizer.swift in Sources */ = {isa = PBXBuildFile; fileRef = BF0C7824235DE84F00FF9CE2 /* IdentityTapGestureRecongnizer.swift */; };
		BF14076823572AD800D1B2B8 /* noNetworkController.swift in Sources */ = {isa = PBXBuildFile; fileRef = BF14076723572AD800D1B2B8 /* noNetworkController.swift */; };
		BF156FE3233CDE2A00FDD8BB /* BookDetailController.swift in Sources */ = {isa = PBXBuildFile; fileRef = BF156FE2233CDE2A00FDD8BB /* BookDetailController.swift */; };
		BF156FE5233CE4AD00FDD8BB /* ListeningCellView.swift in Sources */ = {isa = PBXBuildFile; fileRef = BF156FE4233CE4AD00FDD8BB /* ListeningCellView.swift */; };
		BF156FE7233CE54400FDD8BB /* ListeningCellView.xib in Resources */ = {isa = PBXBuildFile; fileRef = BF156FE6233CE54400FDD8BB /* ListeningCellView.xib */; };
		BF156FE9233D088A00FDD8BB /* StartView.swift in Sources */ = {isa = PBXBuildFile; fileRef = BF156FE8233D088A00FDD8BB /* StartView.swift */; };
		BF156FEB233DC9D300FDD8BB /* ListeningCellHeadView.swift in Sources */ = {isa = PBXBuildFile; fileRef = BF156FEA233DC9D300FDD8BB /* ListeningCellHeadView.swift */; };
		BF156FED233DC9E400FDD8BB /* ListeningCellHeadView.xib in Resources */ = {isa = PBXBuildFile; fileRef = BF156FEC233DC9E400FDD8BB /* ListeningCellHeadView.xib */; };
		BF156FF3233E603200FDD8BB /* RechargeHintView.swift in Sources */ = {isa = PBXBuildFile; fileRef = BF156FF2233E603200FDD8BB /* RechargeHintView.swift */; };
		BF156FF5233E605A00FDD8BB /* RechargeHintView.xib in Resources */ = {isa = PBXBuildFile; fileRef = BF156FF4233E605A00FDD8BB /* RechargeHintView.xib */; };
		BF1A6A312338A94F00C3A908 /* Define.swift in Sources */ = {isa = PBXBuildFile; fileRef = BF1A6A302338A94F00C3A908 /* Define.swift */; };
		BF1A6A332338E51700C3A908 /* OpinionFeedbackController.swift in Sources */ = {isa = PBXBuildFile; fileRef = BF1A6A322338E51700C3A908 /* OpinionFeedbackController.swift */; };
		BF22BABD23486614002DE170 /* OwnerCenterControllerController.swift in Sources */ = {isa = PBXBuildFile; fileRef = BF22BABC23486614002DE170 /* OwnerCenterControllerController.swift */; };
		BF22BABF23486F22002DE170 /* OwnerMenuTableViewCell.swift in Sources */ = {isa = PBXBuildFile; fileRef = BF22BABE23486F22002DE170 /* OwnerMenuTableViewCell.swift */; };
		BF22BAC3234881ED002DE170 /* HomePageController.swift in Sources */ = {isa = PBXBuildFile; fileRef = BF22BAC2234881ED002DE170 /* HomePageController.swift */; };
		BF22BACD234982D7002DE170 /* ChooseLessionsView.swift in Sources */ = {isa = PBXBuildFile; fileRef = BF22BACC234982D7002DE170 /* ChooseLessionsView.swift */; };
		BF22BACF234982EC002DE170 /* ChooseLessionsView.xib in Resources */ = {isa = PBXBuildFile; fileRef = BF22BACE234982EC002DE170 /* ChooseLessionsView.xib */; };
		BF306FF523267FAD002ABD67 /* UIColor+valueRGB.swift in Sources */ = {isa = PBXBuildFile; fileRef = BF306FF423267FAD002ABD67 /* UIColor+valueRGB.swift */; };
		BF341954236706C400AFDC0C /* LearnChooseListController.swift in Sources */ = {isa = PBXBuildFile; fileRef = BF341953236706C400AFDC0C /* LearnChooseListController.swift */; };
		BF3A41B1237036DF007BABF7 /* WriteLearnDetailController.swift in Sources */ = {isa = PBXBuildFile; fileRef = BF3A41B0237036DF007BABF7 /* WriteLearnDetailController.swift */; };
		BF3E935F2362E76500422B8B /* TestAndErrorBookController.swift in Sources */ = {isa = PBXBuildFile; fileRef = BF3E935E2362E76500422B8B /* TestAndErrorBookController.swift */; };
		BF3E93612363159600422B8B /* testViewController.swift in Sources */ = {isa = PBXBuildFile; fileRef = BF3E93602363159600422B8B /* testViewController.swift */; };
		BF5787D72333AB460088EC33 /* UnitChooseCell.swift in Sources */ = {isa = PBXBuildFile; fileRef = BF5787D62333AB460088EC33 /* UnitChooseCell.swift */; };
		BF5787EC2334890C0088EC33 /* NewItemViewController.swift in Sources */ = {isa = PBXBuildFile; fileRef = BF5787E02334890C0088EC33 /* NewItemViewController.swift */; };
		BF5787EE2334890C0088EC33 /* SynExercise.swift in Sources */ = {isa = PBXBuildFile; fileRef = BF5787E22334890C0088EC33 /* SynExercise.swift */; };
		BF5787F12334890C0088EC33 /* ListeningDetails.swift in Sources */ = {isa = PBXBuildFile; fileRef = BF5787E52334890C0088EC33 /* ListeningDetails.swift */; };
		BF5787F32334890C0088EC33 /* ChooseUnitViewController.swift in Sources */ = {isa = PBXBuildFile; fileRef = BF5787E72334890C0088EC33 /* ChooseUnitViewController.swift */; };
		BF5787F42334890C0088EC33 /* BookUnitChooseView.swift in Sources */ = {isa = PBXBuildFile; fileRef = BF5787E82334890C0088EC33 /* BookUnitChooseView.swift */; };
		BF5787F62334AA2F0088EC33 /* LoginController.swift in Sources */ = {isa = PBXBuildFile; fileRef = BF5787F52334AA2F0088EC33 /* LoginController.swift */; };
		BF5787F82334C3C10088EC33 /* RegisterController.swift in Sources */ = {isa = PBXBuildFile; fileRef = BF5787F72334C3C10088EC33 /* RegisterController.swift */; };
		BF5787FA2334CB1A0088EC33 /* RecommendationController.swift in Sources */ = {isa = PBXBuildFile; fileRef = BF5787F92334CB1A0088EC33 /* RecommendationController.swift */; };
		BF5787FC2334CC920088EC33 /* NoServiceController.swift in Sources */ = {isa = PBXBuildFile; fileRef = BF5787FB2334CC920088EC33 /* NoServiceController.swift */; };
		BF5787FE2334CE040088EC33 /* BooksChooseController.swift in Sources */ = {isa = PBXBuildFile; fileRef = BF5787FD2334CE040088EC33 /* BooksChooseController.swift */; };
		BF5788022334DB180088EC33 /* BookCell.swift in Sources */ = {isa = PBXBuildFile; fileRef = BF5788012334DB180088EC33 /* BookCell.swift */; };
		BF578804233504E00088EC33 /* MyShelfController.swift in Sources */ = {isa = PBXBuildFile; fileRef = BF578803233504E00088EC33 /* MyShelfController.swift */; };
		BF5788092335088B0088EC33 /* BookInShelf.swift in Sources */ = {isa = PBXBuildFile; fileRef = BF5788072335088B0088EC33 /* BookInShelf.swift */; };
		BF57880C23360DEE0088EC33 /* TopUpCreditController.swift in Sources */ = {isa = PBXBuildFile; fileRef = BF57880B23360DEE0088EC33 /* TopUpCreditController.swift */; };
		BF5C1777233F0C51007B8DCC /* SettingView.swift in Sources */ = {isa = PBXBuildFile; fileRef = BF5C1776233F0C51007B8DCC /* SettingView.swift */; };
		BF5C1779233F0C6E007B8DCC /* SettingView.xib in Resources */ = {isa = PBXBuildFile; fileRef = BF5C1778233F0C6E007B8DCC /* SettingView.xib */; };
		BF66091223399EF000915F16 /* Inch.swift in Sources */ = {isa = PBXBuildFile; fileRef = BF66091023399EF000915F16 /* Inch.swift */; };
		BF66091323399EF000915F16 /* Auto.swift in Sources */ = {isa = PBXBuildFile; fileRef = BF66091123399EF000915F16 /* Auto.swift */; };
		BF6FD50023362867004021D1 /* TopUpRecordController.swift in Sources */ = {isa = PBXBuildFile; fileRef = BF6FD4FF23362867004021D1 /* TopUpRecordController.swift */; };
		BF6FD50223365253004021D1 /* CreditAboutController.swift in Sources */ = {isa = PBXBuildFile; fileRef = BF6FD50123365253004021D1 /* CreditAboutController.swift */; };
		BF6FD50423365695004021D1 /* AboutUsController.swift in Sources */ = {isa = PBXBuildFile; fileRef = BF6FD50323365695004021D1 /* AboutUsController.swift */; };
		BF86BB912352AFA600A23C2F /* HeadBgView.swift in Sources */ = {isa = PBXBuildFile; fileRef = BF86BB902352AFA600A23C2F /* HeadBgView.swift */; };
		BF919B74231CA45600792E80 /* AppDelegate.swift in Sources */ = {isa = PBXBuildFile; fileRef = BF919B73231CA45600792E80 /* AppDelegate.swift */; };
		BF919B76231CA45600792E80 /* ViewController.swift in Sources */ = {isa = PBXBuildFile; fileRef = BF919B75231CA45600792E80 /* ViewController.swift */; };
		BF919B79231CA45600792E80 /* Main.storyboard in Resources */ = {isa = PBXBuildFile; fileRef = BF919B77231CA45600792E80 /* Main.storyboard */; };
		BF919B7B231CA45800792E80 /* Assets.xcassets in Resources */ = {isa = PBXBuildFile; fileRef = BF919B7A231CA45800792E80 /* Assets.xcassets */; };
		BF919B7E231CA45800792E80 /* LaunchScreen.storyboard in Resources */ = {isa = PBXBuildFile; fileRef = BF919B7C231CA45800792E80 /* LaunchScreen.storyboard */; };
		BF91D1DB233A745C00132BAE /* RecommandationCellView.swift in Sources */ = {isa = PBXBuildFile; fileRef = BF91D1DA233A745C00132BAE /* RecommandationCellView.swift */; };
		BF91D1DD233A747000132BAE /* RecommandationCellView.xib in Resources */ = {isa = PBXBuildFile; fileRef = BF91D1DC233A747000132BAE /* RecommandationCellView.xib */; };
		BFAAFD55237045BB008D8F0B /* ListeningLearnDetailController.swift in Sources */ = {isa = PBXBuildFile; fileRef = BFAAFD54237045BB008D8F0B /* ListeningLearnDetailController.swift */; };
		BFAFB7AE235DCD7A00656771 /* WordUnitChooseController.swift in Sources */ = {isa = PBXBuildFile; fileRef = BFAFB7AD235DCD7A00656771 /* WordUnitChooseController.swift */; };
		BFD72977232F6025002D79AD /* ZFCircleProgress.m in Sources */ = {isa = PBXBuildFile; fileRef = BFD72976232F6025002D79AD /* ZFCircleProgress.m */; };
		BFD7297D232F613E002D79AD /* ZFCountingLabel.m in Sources */ = {isa = PBXBuildFile; fileRef = BFD7297C232F613E002D79AD /* ZFCountingLabel.m */; };
		BFDE89922377A18500C0B67F /* DailyLearnController.swift in Sources */ = {isa = PBXBuildFile; fileRef = BFDE89912377A18500C0B67F /* DailyLearnController.swift */; };
		BFDE89952377A79A00C0B67F /* SchoolOralController.swift in Sources */ = {isa = PBXBuildFile; fileRef = BFDE89942377A79A00C0B67F /* SchoolOralController.swift */; };
		BFDE89972377A7BB00C0B67F /* ChooseVIew.swift in Sources */ = {isa = PBXBuildFile; fileRef = BFDE89962377A7BB00C0B67F /* ChooseVIew.swift */; };
		BFDE89992377A98800C0B67F /* DetailView.swift in Sources */ = {isa = PBXBuildFile; fileRef = BFDE89982377A98800C0B67F /* DetailView.swift */; };
		BFDE899B2377AC4C00C0B67F /* popularPhraseController.swift in Sources */ = {isa = PBXBuildFile; fileRef = BFDE899A2377AC4C00C0B67F /* popularPhraseController.swift */; };
		BFDE899D2377ACFE00C0B67F /* wordLearnController.swift in Sources */ = {isa = PBXBuildFile; fileRef = BFDE899C2377ACFE00C0B67F /* wordLearnController.swift */; };
		BFDE899F2377B91100C0B67F /* ReadLearnController.swift in Sources */ = {isa = PBXBuildFile; fileRef = BFDE899E2377B91100C0B67F /* ReadLearnController.swift */; };
		BFEFE694235B2C5900E8A25B /* BaseUINavigationViewController.swift in Sources */ = {isa = PBXBuildFile; fileRef = BFEFE693235B2C5900E8A25B /* BaseUINavigationViewController.swift */; };
/* End PBXBuildFile section */

/* Begin PBXFileReference section */
		7564D5E222C353C0A5F46886 /* Pods-EnglishAPPDemo.debug.xcconfig */ = {isa = PBXFileReference; includeInIndex = 1; lastKnownFileType = text.xcconfig; name = "Pods-EnglishAPPDemo.debug.xcconfig"; path = "Target Support Files/Pods-EnglishAPPDemo/Pods-EnglishAPPDemo.debug.xcconfig"; sourceTree = "<group>"; };
		A6B431AB5E69C77909FDDBBB /* Pods-EnglishAPPDemo.release.xcconfig */ = {isa = PBXFileReference; includeInIndex = 1; lastKnownFileType = text.xcconfig; name = "Pods-EnglishAPPDemo.release.xcconfig"; path = "Target Support Files/Pods-EnglishAPPDemo/Pods-EnglishAPPDemo.release.xcconfig"; sourceTree = "<group>"; };
		BF03736F2363FBE700D09393 /* SynExerciseBigView.swift */ = {isa = PBXFileReference; lastKnownFileType = sourcecode.swift; path = SynExerciseBigView.swift; sourceTree = "<group>"; };
		BF0373732363FD0A00D09393 /* SynExerciseBigView.xib */ = {isa = PBXFileReference; fileEncoding = 4; lastKnownFileType = file.xib; path = SynExerciseBigView.xib; sourceTree = "<group>"; };
		BF03737723640D4100D09393 /* SynExerciseImageView.swift */ = {isa = PBXFileReference; lastKnownFileType = sourcecode.swift; path = SynExerciseImageView.swift; sourceTree = "<group>"; };
		BF0C7824235DE84F00FF9CE2 /* IdentityTapGestureRecongnizer.swift */ = {isa = PBXFileReference; lastKnownFileType = sourcecode.swift; path = IdentityTapGestureRecongnizer.swift; sourceTree = "<group>"; };
		BF14076723572AD800D1B2B8 /* noNetworkController.swift */ = {isa = PBXFileReference; lastKnownFileType = sourcecode.swift; path = noNetworkController.swift; sourceTree = "<group>"; };
		BF156FE2233CDE2A00FDD8BB /* BookDetailController.swift */ = {isa = PBXFileReference; lastKnownFileType = sourcecode.swift; path = BookDetailController.swift; sourceTree = "<group>"; };
		BF156FE4233CE4AD00FDD8BB /* ListeningCellView.swift */ = {isa = PBXFileReference; lastKnownFileType = sourcecode.swift; path = ListeningCellView.swift; sourceTree = "<group>"; };
		BF156FE6233CE54400FDD8BB /* ListeningCellView.xib */ = {isa = PBXFileReference; lastKnownFileType = file.xib; path = ListeningCellView.xib; sourceTree = "<group>"; };
		BF156FE8233D088A00FDD8BB /* StartView.swift */ = {isa = PBXFileReference; lastKnownFileType = sourcecode.swift; path = StartView.swift; sourceTree = "<group>"; };
		BF156FEA233DC9D300FDD8BB /* ListeningCellHeadView.swift */ = {isa = PBXFileReference; lastKnownFileType = sourcecode.swift; path = ListeningCellHeadView.swift; sourceTree = "<group>"; };
		BF156FEC233DC9E400FDD8BB /* ListeningCellHeadView.xib */ = {isa = PBXFileReference; lastKnownFileType = file.xib; path = ListeningCellHeadView.xib; sourceTree = "<group>"; };
		BF156FF2233E603200FDD8BB /* RechargeHintView.swift */ = {isa = PBXFileReference; lastKnownFileType = sourcecode.swift; path = RechargeHintView.swift; sourceTree = "<group>"; };
		BF156FF4233E605A00FDD8BB /* RechargeHintView.xib */ = {isa = PBXFileReference; lastKnownFileType = file.xib; path = RechargeHintView.xib; sourceTree = "<group>"; };
		BF1A6A302338A94F00C3A908 /* Define.swift */ = {isa = PBXFileReference; lastKnownFileType = sourcecode.swift; path = Define.swift; sourceTree = "<group>"; };
		BF1A6A322338E51700C3A908 /* OpinionFeedbackController.swift */ = {isa = PBXFileReference; lastKnownFileType = sourcecode.swift; path = OpinionFeedbackController.swift; sourceTree = "<group>"; };
		BF22BABC23486614002DE170 /* OwnerCenterControllerController.swift */ = {isa = PBXFileReference; lastKnownFileType = sourcecode.swift; path = OwnerCenterControllerController.swift; sourceTree = "<group>"; };
		BF22BABE23486F22002DE170 /* OwnerMenuTableViewCell.swift */ = {isa = PBXFileReference; lastKnownFileType = sourcecode.swift; path = OwnerMenuTableViewCell.swift; sourceTree = "<group>"; };
		BF22BAC2234881ED002DE170 /* HomePageController.swift */ = {isa = PBXFileReference; lastKnownFileType = sourcecode.swift; path = HomePageController.swift; sourceTree = "<group>"; };
		BF22BACC234982D7002DE170 /* ChooseLessionsView.swift */ = {isa = PBXFileReference; lastKnownFileType = sourcecode.swift; path = ChooseLessionsView.swift; sourceTree = "<group>"; };
		BF22BACE234982EC002DE170 /* ChooseLessionsView.xib */ = {isa = PBXFileReference; lastKnownFileType = file.xib; path = ChooseLessionsView.xib; sourceTree = "<group>"; };
		BF306FF423267FAD002ABD67 /* UIColor+valueRGB.swift */ = {isa = PBXFileReference; lastKnownFileType = sourcecode.swift; path = "UIColor+valueRGB.swift"; sourceTree = "<group>"; };
		BF341953236706C400AFDC0C /* LearnChooseListController.swift */ = {isa = PBXFileReference; lastKnownFileType = sourcecode.swift; path = LearnChooseListController.swift; sourceTree = "<group>"; };
		BF3A41B0237036DF007BABF7 /* WriteLearnDetailController.swift */ = {isa = PBXFileReference; lastKnownFileType = sourcecode.swift; path = WriteLearnDetailController.swift; sourceTree = "<group>"; };
		BF3E935E2362E76500422B8B /* TestAndErrorBookController.swift */ = {isa = PBXFileReference; lastKnownFileType = sourcecode.swift; path = TestAndErrorBookController.swift; sourceTree = "<group>"; };
		BF3E93602363159600422B8B /* testViewController.swift */ = {isa = PBXFileReference; lastKnownFileType = sourcecode.swift; path = testViewController.swift; sourceTree = "<group>"; };
		BF5787D62333AB460088EC33 /* UnitChooseCell.swift */ = {isa = PBXFileReference; lastKnownFileType = sourcecode.swift; path = UnitChooseCell.swift; sourceTree = "<group>"; };
		BF5787E02334890C0088EC33 /* NewItemViewController.swift */ = {isa = PBXFileReference; fileEncoding = 4; lastKnownFileType = sourcecode.swift; path = NewItemViewController.swift; sourceTree = "<group>"; };
		BF5787E22334890C0088EC33 /* SynExercise.swift */ = {isa = PBXFileReference; fileEncoding = 4; lastKnownFileType = sourcecode.swift; path = SynExercise.swift; sourceTree = "<group>"; };
		BF5787E52334890C0088EC33 /* ListeningDetails.swift */ = {isa = PBXFileReference; fileEncoding = 4; lastKnownFileType = sourcecode.swift; path = ListeningDetails.swift; sourceTree = "<group>"; };
		BF5787E72334890C0088EC33 /* ChooseUnitViewController.swift */ = {isa = PBXFileReference; fileEncoding = 4; lastKnownFileType = sourcecode.swift; path = ChooseUnitViewController.swift; sourceTree = "<group>"; };
		BF5787E82334890C0088EC33 /* BookUnitChooseView.swift */ = {isa = PBXFileReference; fileEncoding = 4; lastKnownFileType = sourcecode.swift; path = BookUnitChooseView.swift; sourceTree = "<group>"; };
		BF5787F52334AA2F0088EC33 /* LoginController.swift */ = {isa = PBXFileReference; lastKnownFileType = sourcecode.swift; path = LoginController.swift; sourceTree = "<group>"; };
		BF5787F72334C3C10088EC33 /* RegisterController.swift */ = {isa = PBXFileReference; lastKnownFileType = sourcecode.swift; path = RegisterController.swift; sourceTree = "<group>"; };
		BF5787F92334CB1A0088EC33 /* RecommendationController.swift */ = {isa = PBXFileReference; lastKnownFileType = sourcecode.swift; path = RecommendationController.swift; sourceTree = "<group>"; };
		BF5787FB2334CC920088EC33 /* NoServiceController.swift */ = {isa = PBXFileReference; lastKnownFileType = sourcecode.swift; path = NoServiceController.swift; sourceTree = "<group>"; };
		BF5787FD2334CE040088EC33 /* BooksChooseController.swift */ = {isa = PBXFileReference; lastKnownFileType = sourcecode.swift; path = BooksChooseController.swift; sourceTree = "<group>"; };
		BF5788012334DB180088EC33 /* BookCell.swift */ = {isa = PBXFileReference; lastKnownFileType = sourcecode.swift; path = BookCell.swift; sourceTree = "<group>"; };
		BF578803233504E00088EC33 /* MyShelfController.swift */ = {isa = PBXFileReference; lastKnownFileType = sourcecode.swift; path = MyShelfController.swift; sourceTree = "<group>"; };
		BF5788072335088B0088EC33 /* BookInShelf.swift */ = {isa = PBXFileReference; lastKnownFileType = sourcecode.swift; path = BookInShelf.swift; sourceTree = "<group>"; };
		BF57880B23360DEE0088EC33 /* TopUpCreditController.swift */ = {isa = PBXFileReference; lastKnownFileType = sourcecode.swift; path = TopUpCreditController.swift; sourceTree = "<group>"; };
		BF5C1776233F0C51007B8DCC /* SettingView.swift */ = {isa = PBXFileReference; lastKnownFileType = sourcecode.swift; path = SettingView.swift; sourceTree = "<group>"; };
		BF5C1778233F0C6E007B8DCC /* SettingView.xib */ = {isa = PBXFileReference; lastKnownFileType = file.xib; path = SettingView.xib; sourceTree = "<group>"; };
		BF66090F23399EF000915F16 /* AutoInch.h */ = {isa = PBXFileReference; fileEncoding = 4; lastKnownFileType = sourcecode.c.h; path = AutoInch.h; sourceTree = "<group>"; };
		BF66091023399EF000915F16 /* Inch.swift */ = {isa = PBXFileReference; fileEncoding = 4; lastKnownFileType = sourcecode.swift; path = Inch.swift; sourceTree = "<group>"; };
		BF66091123399EF000915F16 /* Auto.swift */ = {isa = PBXFileReference; fileEncoding = 4; lastKnownFileType = sourcecode.swift; path = Auto.swift; sourceTree = "<group>"; };
		BF6FD4FF23362867004021D1 /* TopUpRecordController.swift */ = {isa = PBXFileReference; lastKnownFileType = sourcecode.swift; path = TopUpRecordController.swift; sourceTree = "<group>"; };
		BF6FD50123365253004021D1 /* CreditAboutController.swift */ = {isa = PBXFileReference; lastKnownFileType = sourcecode.swift; path = CreditAboutController.swift; sourceTree = "<group>"; };
		BF6FD50323365695004021D1 /* AboutUsController.swift */ = {isa = PBXFileReference; lastKnownFileType = sourcecode.swift; path = AboutUsController.swift; sourceTree = "<group>"; };
		BF86BB902352AFA600A23C2F /* HeadBgView.swift */ = {isa = PBXFileReference; lastKnownFileType = sourcecode.swift; path = HeadBgView.swift; sourceTree = "<group>"; };
		BF919B70231CA45600792E80 /* EnglishAPPDemo.app */ = {isa = PBXFileReference; explicitFileType = wrapper.application; includeInIndex = 0; path = EnglishAPPDemo.app; sourceTree = BUILT_PRODUCTS_DIR; };
		BF919B73231CA45600792E80 /* AppDelegate.swift */ = {isa = PBXFileReference; lastKnownFileType = sourcecode.swift; path = AppDelegate.swift; sourceTree = "<group>"; };
		BF919B75231CA45600792E80 /* ViewController.swift */ = {isa = PBXFileReference; lastKnownFileType = sourcecode.swift; path = ViewController.swift; sourceTree = "<group>"; };
		BF919B78231CA45600792E80 /* Base */ = {isa = PBXFileReference; lastKnownFileType = file.storyboard; name = Base; path = Base.lproj/Main.storyboard; sourceTree = "<group>"; };
		BF919B7A231CA45800792E80 /* Assets.xcassets */ = {isa = PBXFileReference; lastKnownFileType = folder.assetcatalog; path = Assets.xcassets; sourceTree = "<group>"; };
		BF919B7D231CA45800792E80 /* Base */ = {isa = PBXFileReference; lastKnownFileType = file.storyboard; name = Base; path = Base.lproj/LaunchScreen.storyboard; sourceTree = "<group>"; };
		BF919B7F231CA45800792E80 /* Info.plist */ = {isa = PBXFileReference; lastKnownFileType = text.plist.xml; path = Info.plist; sourceTree = "<group>"; };
		BF91D1DA233A745C00132BAE /* RecommandationCellView.swift */ = {isa = PBXFileReference; lastKnownFileType = sourcecode.swift; path = RecommandationCellView.swift; sourceTree = "<group>"; };
		BF91D1DC233A747000132BAE /* RecommandationCellView.xib */ = {isa = PBXFileReference; lastKnownFileType = file.xib; path = RecommandationCellView.xib; sourceTree = "<group>"; };
		BFAAFD54237045BB008D8F0B /* ListeningLearnDetailController.swift */ = {isa = PBXFileReference; lastKnownFileType = sourcecode.swift; path = ListeningLearnDetailController.swift; sourceTree = "<group>"; };
		BFAFB7AD235DCD7A00656771 /* WordUnitChooseController.swift */ = {isa = PBXFileReference; lastKnownFileType = sourcecode.swift; path = WordUnitChooseController.swift; sourceTree = "<group>"; };
		BFD72974232F6024002D79AD /* EnglishAPPDemo-Bridging-Header.h */ = {isa = PBXFileReference; lastKnownFileType = sourcecode.c.h; path = "EnglishAPPDemo-Bridging-Header.h"; sourceTree = "<group>"; };
		BFD72975232F6025002D79AD /* ZFCircleProgress.h */ = {isa = PBXFileReference; lastKnownFileType = sourcecode.c.h; path = ZFCircleProgress.h; sourceTree = "<group>"; };
		BFD72976232F6025002D79AD /* ZFCircleProgress.m */ = {isa = PBXFileReference; lastKnownFileType = sourcecode.c.objc; path = ZFCircleProgress.m; sourceTree = "<group>"; };
		BFD7297B232F613E002D79AD /* ZFCountingLabel.h */ = {isa = PBXFileReference; lastKnownFileType = sourcecode.c.h; path = ZFCountingLabel.h; sourceTree = "<group>"; };
		BFD7297C232F613E002D79AD /* ZFCountingLabel.m */ = {isa = PBXFileReference; lastKnownFileType = sourcecode.c.objc; path = ZFCountingLabel.m; sourceTree = "<group>"; };
		BFDE89912377A18500C0B67F /* DailyLearnController.swift */ = {isa = PBXFileReference; lastKnownFileType = sourcecode.swift; path = DailyLearnController.swift; sourceTree = "<group>"; };
		BFDE89942377A79A00C0B67F /* SchoolOralController.swift */ = {isa = PBXFileReference; lastKnownFileType = sourcecode.swift; path = SchoolOralController.swift; sourceTree = "<group>"; };
		BFDE89962377A7BB00C0B67F /* ChooseVIew.swift */ = {isa = PBXFileReference; lastKnownFileType = sourcecode.swift; path = ChooseVIew.swift; sourceTree = "<group>"; };
		BFDE89982377A98800C0B67F /* DetailView.swift */ = {isa = PBXFileReference; lastKnownFileType = sourcecode.swift; path = DetailView.swift; sourceTree = "<group>"; };
		BFDE899A2377AC4C00C0B67F /* popularPhraseController.swift */ = {isa = PBXFileReference; lastKnownFileType = sourcecode.swift; path = popularPhraseController.swift; sourceTree = "<group>"; };
		BFDE899C2377ACFE00C0B67F /* wordLearnController.swift */ = {isa = PBXFileReference; lastKnownFileType = sourcecode.swift; path = wordLearnController.swift; sourceTree = "<group>"; };
		BFDE899E2377B91100C0B67F /* ReadLearnController.swift */ = {isa = PBXFileReference; lastKnownFileType = sourcecode.swift; path = ReadLearnController.swift; sourceTree = "<group>"; };
		BFEFE693235B2C5900E8A25B /* BaseUINavigationViewController.swift */ = {isa = PBXFileReference; lastKnownFileType = sourcecode.swift; path = BaseUINavigationViewController.swift; sourceTree = "<group>"; };
		E2C8227791AF98DA47A579CD /* libPods-EnglishAPPDemo.a */ = {isa = PBXFileReference; explicitFileType = archive.ar; includeInIndex = 0; path = "libPods-EnglishAPPDemo.a"; sourceTree = BUILT_PRODUCTS_DIR; };
/* End PBXFileReference section */

/* Begin PBXFrameworksBuildPhase section */
		BF919B6D231CA45600792E80 /* Frameworks */ = {
			isa = PBXFrameworksBuildPhase;
			buildActionMask = 2147483647;
			files = (
				A17FAE916F70BFB1C2E83E72 /* libPods-EnglishAPPDemo.a in Frameworks */,
			);
			runOnlyForDeploymentPostprocessing = 0;
		};
/* End PBXFrameworksBuildPhase section */

/* Begin PBXGroup section */
		3BAC303D814EC874F34AA1B5 /* Pods */ = {
			isa = PBXGroup;
			children = (
				7564D5E222C353C0A5F46886 /* Pods-EnglishAPPDemo.debug.xcconfig */,
				A6B431AB5E69C77909FDDBBB /* Pods-EnglishAPPDemo.release.xcconfig */,
			);
			path = Pods;
			sourceTree = "<group>";
		};
		478CD7B6E3B5BBD029B80426 /* Frameworks */ = {
			isa = PBXGroup;
			children = (
				E2C8227791AF98DA47A579CD /* libPods-EnglishAPPDemo.a */,
			);
			name = Frameworks;
			sourceTree = "<group>";
		};
		BF3A41B2237036FA007BABF7 /* SynExerciseDetails */ = {
			isa = PBXGroup;
			children = (
				BFDE89932377A70000C0B67F /* CommonView */,
				BF3A41B0237036DF007BABF7 /* WriteLearnDetailController.swift */,
				BFAAFD54237045BB008D8F0B /* ListeningLearnDetailController.swift */,
				BFDE89912377A18500C0B67F /* DailyLearnController.swift */,
				BFDE89942377A79A00C0B67F /* SchoolOralController.swift */,
				BFDE899A2377AC4C00C0B67F /* popularPhraseController.swift */,
				BFDE899C2377ACFE00C0B67F /* wordLearnController.swift */,
				BFDE899E2377B91100C0B67F /* ReadLearnController.swift */,
			);
			path = SynExerciseDetails;
			sourceTree = "<group>";
		};
		BF3E93632363E8A400422B8B /* Supporting Files */ = {
			isa = PBXGroup;
			children = (
				BF919B73231CA45600792E80 /* AppDelegate.swift */,
				BF919B7C231CA45800792E80 /* LaunchScreen.storyboard */,
			);
			path = "Supporting Files";
			sourceTree = "<group>";
		};
		BF5787D82333AE5E0088EC33 /* View */ = {
			isa = PBXGroup;
			children = (
				BF22BABE23486F22002DE170 /* OwnerMenuTableViewCell.swift */,
				BF5787D62333AB460088EC33 /* UnitChooseCell.swift */,
				BF5788012334DB180088EC33 /* BookCell.swift */,
				BF5788072335088B0088EC33 /* BookInShelf.swift */,
				BF91D1DA233A745C00132BAE /* RecommandationCellView.swift */,
				BF91D1DC233A747000132BAE /* RecommandationCellView.xib */,
				BF156FE4233CE4AD00FDD8BB /* ListeningCellView.swift */,
				BF156FE6233CE54400FDD8BB /* ListeningCellView.xib */,
				BF156FE8233D088A00FDD8BB /* StartView.swift */,
				BF156FEA233DC9D300FDD8BB /* ListeningCellHeadView.swift */,
				BF156FEC233DC9E400FDD8BB /* ListeningCellHeadView.xib */,
				BF156FF2233E603200FDD8BB /* RechargeHintView.swift */,
				BF156FF4233E605A00FDD8BB /* RechargeHintView.xib */,
				BF5C1776233F0C51007B8DCC /* SettingView.swift */,
				BF5C1778233F0C6E007B8DCC /* SettingView.xib */,
				BF22BACC234982D7002DE170 /* ChooseLessionsView.swift */,
				BF22BACE234982EC002DE170 /* ChooseLessionsView.xib */,
				BF86BB902352AFA600A23C2F /* HeadBgView.swift */,
				BF03736F2363FBE700D09393 /* SynExerciseBigView.swift */,
				BF0373732363FD0A00D09393 /* SynExerciseBigView.xib */,
				BF03737723640D4100D09393 /* SynExerciseImageView.swift */,
			);
			path = View;
			sourceTree = "<group>";
		};
		BF5787DC233487C30088EC33 /* ViewController */ = {
			isa = PBXGroup;
			children = (
				BF3A41B2237036FA007BABF7 /* SynExerciseDetails */,
				BF5787E02334890C0088EC33 /* NewItemViewController.swift */,
				BF5787E22334890C0088EC33 /* SynExercise.swift */,
				BF5787E82334890C0088EC33 /* BookUnitChooseView.swift */,
				BF5787E72334890C0088EC33 /* ChooseUnitViewController.swift */,
				BF5787E52334890C0088EC33 /* ListeningDetails.swift */,
				BF5787F52334AA2F0088EC33 /* LoginController.swift */,
				BF5787F72334C3C10088EC33 /* RegisterController.swift */,
				BF5787F92334CB1A0088EC33 /* RecommendationController.swift */,
				BF5787FB2334CC920088EC33 /* NoServiceController.swift */,
				BF5787FD2334CE040088EC33 /* BooksChooseController.swift */,
				BF578803233504E00088EC33 /* MyShelfController.swift */,
				BF57880B23360DEE0088EC33 /* TopUpCreditController.swift */,
				BF6FD4FF23362867004021D1 /* TopUpRecordController.swift */,
				BF6FD50123365253004021D1 /* CreditAboutController.swift */,
				BF6FD50323365695004021D1 /* AboutUsController.swift */,
				BF1A6A322338E51700C3A908 /* OpinionFeedbackController.swift */,
				BF156FE2233CDE2A00FDD8BB /* BookDetailController.swift */,
				BF22BABC23486614002DE170 /* OwnerCenterControllerController.swift */,
				BF22BAC2234881ED002DE170 /* HomePageController.swift */,
				BF14076723572AD800D1B2B8 /* noNetworkController.swift */,
				BFEFE693235B2C5900E8A25B /* BaseUINavigationViewController.swift */,
				BFAFB7AD235DCD7A00656771 /* WordUnitChooseController.swift */,
				BF3E935E2362E76500422B8B /* TestAndErrorBookController.swift */,
				BF3E93602363159600422B8B /* testViewController.swift */,
				BF341953236706C400AFDC0C /* LearnChooseListController.swift */,
			);
			path = ViewController;
			sourceTree = "<group>";
		};
		BF919B67231CA45500792E80 = {
			isa = PBXGroup;
			children = (
				BF919B72231CA45600792E80 /* EnglishAPPDemo */,
				478CD7B6E3B5BBD029B80426 /* Frameworks */,
				3BAC303D814EC874F34AA1B5 /* Pods */,
				BF919B71231CA45600792E80 /* Products */,
			);
			sourceTree = "<group>";
		};
		BF919B71231CA45600792E80 /* Products */ = {
			isa = PBXGroup;
			children = (
				BF919B70231CA45600792E80 /* EnglishAPPDemo.app */,
			);
			name = Products;
			sourceTree = "<group>";
		};
		BF919B72231CA45600792E80 /* EnglishAPPDemo */ = {
			isa = PBXGroup;
			children = (
				BF66091123399EF000915F16 /* Auto.swift */,
				BF66090F23399EF000915F16 /* AutoInch.h */,
				BF66091023399EF000915F16 /* Inch.swift */,
				BF5787DC233487C30088EC33 /* ViewController */,
				BF5787D82333AE5E0088EC33 /* View */,
				BFD72973232F5FBA002D79AD /* ZFCircleProgress */,
				BF3E93632363E8A400422B8B /* Supporting Files */,
				BF919B75231CA45600792E80 /* ViewController.swift */,
				BF919B7A231CA45800792E80 /* Assets.xcassets */,
				BF919B77231CA45600792E80 /* Main.storyboard */,
				BF919B7F231CA45800792E80 /* Info.plist */,
				BF306FF423267FAD002ABD67 /* UIColor+valueRGB.swift */,
				BF1A6A302338A94F00C3A908 /* Define.swift */,
				BF0C7824235DE84F00FF9CE2 /* IdentityTapGestureRecongnizer.swift */,
			);
			path = EnglishAPPDemo;
			sourceTree = "<group>";
		};
		BFD72973232F5FBA002D79AD /* ZFCircleProgress */ = {
			isa = PBXGroup;
			children = (
				BFD72975232F6025002D79AD /* ZFCircleProgress.h */,
				BFD72976232F6025002D79AD /* ZFCircleProgress.m */,
				BFD72974232F6024002D79AD /* EnglishAPPDemo-Bridging-Header.h */,
				BFD7297B232F613E002D79AD /* ZFCountingLabel.h */,
				BFD7297C232F613E002D79AD /* ZFCountingLabel.m */,
			);
			path = ZFCircleProgress;
			sourceTree = "<group>";
		};
		BFDE89932377A70000C0B67F /* CommonView */ = {
			isa = PBXGroup;
			children = (
				BFDE89962377A7BB00C0B67F /* ChooseVIew.swift */,
				BFDE89982377A98800C0B67F /* DetailView.swift */,
			);
			path = CommonView;
			sourceTree = "<group>";
		};
/* End PBXGroup section */

/* Begin PBXNativeTarget section */
		BF919B6F231CA45600792E80 /* EnglishAPPDemo */ = {
			isa = PBXNativeTarget;
			buildConfigurationList = BF919B82231CA45800792E80 /* Build configuration list for PBXNativeTarget "EnglishAPPDemo" */;
			buildPhases = (
				69E0EFC2A4229EDB3FDC1C72 /* [CP] Check Pods Manifest.lock */,
				BF919B6C231CA45600792E80 /* Sources */,
				BF919B6D231CA45600792E80 /* Frameworks */,
				BF919B6E231CA45600792E80 /* Resources */,
				12E0F4A26B56439BCA46D384 /* [CP] Embed Pods Frameworks */,
			);
			buildRules = (
			);
			dependencies = (
			);
			name = EnglishAPPDemo;
			productName = EnglishAPPDemo;
			productReference = BF919B70231CA45600792E80 /* EnglishAPPDemo.app */;
			productType = "com.apple.product-type.application";
		};
/* End PBXNativeTarget section */

/* Begin PBXProject section */
		BF919B68231CA45500792E80 /* Project object */ = {
			isa = PBXProject;
			attributes = {
				LastSwiftUpdateCheck = 1030;
				LastUpgradeCheck = 1030;
				ORGANIZATIONNAME = org.csu;
				TargetAttributes = {
					BF919B6F231CA45600792E80 = {
						CreatedOnToolsVersion = 10.3;
						LastSwiftMigration = 1030;
					};
				};
			};
			buildConfigurationList = BF919B6B231CA45500792E80 /* Build configuration list for PBXProject "EnglishAPPDemo" */;
			compatibilityVersion = "Xcode 9.3";
			developmentRegion = en;
			hasScannedForEncodings = 0;
			knownRegions = (
				en,
				Base,
			);
			mainGroup = BF919B67231CA45500792E80;
			productRefGroup = BF919B71231CA45600792E80 /* Products */;
			projectDirPath = "";
			projectRoot = "";
			targets = (
				BF919B6F231CA45600792E80 /* EnglishAPPDemo */,
			);
		};
/* End PBXProject section */

/* Begin PBXResourcesBuildPhase section */
		BF919B6E231CA45600792E80 /* Resources */ = {
			isa = PBXResourcesBuildPhase;
			buildActionMask = 2147483647;
			files = (
				BF156FED233DC9E400FDD8BB /* ListeningCellHeadView.xib in Resources */,
				BF5C1779233F0C6E007B8DCC /* SettingView.xib in Resources */,
				BF156FE7233CE54400FDD8BB /* ListeningCellView.xib in Resources */,
				BF919B7E231CA45800792E80 /* LaunchScreen.storyboard in Resources */,
				BF0373742363FD0A00D09393 /* SynExerciseBigView.xib in Resources */,
				BF91D1DD233A747000132BAE /* RecommandationCellView.xib in Resources */,
				BF919B7B231CA45800792E80 /* Assets.xcassets in Resources */,
				BF156FF5233E605A00FDD8BB /* RechargeHintView.xib in Resources */,
				BF22BACF234982EC002DE170 /* ChooseLessionsView.xib in Resources */,
				BF919B79231CA45600792E80 /* Main.storyboard in Resources */,
			);
			runOnlyForDeploymentPostprocessing = 0;
		};
/* End PBXResourcesBuildPhase section */

/* Begin PBXShellScriptBuildPhase section */
		12E0F4A26B56439BCA46D384 /* [CP] Embed Pods Frameworks */ = {
			isa = PBXShellScriptBuildPhase;
			buildActionMask = 2147483647;
			files = (
			);
			inputFileListPaths = (
				"${PODS_ROOT}/Target Support Files/Pods-EnglishAPPDemo/Pods-EnglishAPPDemo-frameworks-${CONFIGURATION}-input-files.xcfilelist",
			);
			name = "[CP] Embed Pods Frameworks";
			outputFileListPaths = (
				"${PODS_ROOT}/Target Support Files/Pods-EnglishAPPDemo/Pods-EnglishAPPDemo-frameworks-${CONFIGURATION}-output-files.xcfilelist",
			);
			runOnlyForDeploymentPostprocessing = 0;
			shellPath = /bin/sh;
			shellScript = "\"${PODS_ROOT}/Target Support Files/Pods-EnglishAPPDemo/Pods-EnglishAPPDemo-frameworks.sh\"\n";
			showEnvVarsInLog = 0;
		};
		69E0EFC2A4229EDB3FDC1C72 /* [CP] Check Pods Manifest.lock */ = {
			isa = PBXShellScriptBuildPhase;
			buildActionMask = 2147483647;
			files = (
			);
			inputFileListPaths = (
			);
			inputPaths = (
				"${PODS_PODFILE_DIR_PATH}/Podfile.lock",
				"${PODS_ROOT}/Manifest.lock",
			);
			name = "[CP] Check Pods Manifest.lock";
			outputFileListPaths = (
			);
			outputPaths = (
				"$(DERIVED_FILE_DIR)/Pods-EnglishAPPDemo-checkManifestLockResult.txt",
			);
			runOnlyForDeploymentPostprocessing = 0;
			shellPath = /bin/sh;
			shellScript = "diff \"${PODS_PODFILE_DIR_PATH}/Podfile.lock\" \"${PODS_ROOT}/Manifest.lock\" > /dev/null\nif [ $? != 0 ] ; then\n    # print error to STDERR\n    echo \"error: The sandbox is not in sync with the Podfile.lock. Run 'pod install' or update your CocoaPods installation.\" >&2\n    exit 1\nfi\n# This output is used by Xcode 'outputs' to avoid re-running this script phase.\necho \"SUCCESS\" > \"${SCRIPT_OUTPUT_FILE_0}\"\n";
			showEnvVarsInLog = 0;
		};
/* End PBXShellScriptBuildPhase section */

/* Begin PBXSourcesBuildPhase section */
		BF919B6C231CA45600792E80 /* Sources */ = {
			isa = PBXSourcesBuildPhase;
			buildActionMask = 2147483647;
			files = (
				BF156FF3233E603200FDD8BB /* RechargeHintView.swift in Sources */,
				BF156FE5233CE4AD00FDD8BB /* ListeningCellView.swift in Sources */,
				BF0373702363FBE700D09393 /* SynExerciseBigView.swift in Sources */,
				BF5C1777233F0C51007B8DCC /* SettingView.swift in Sources */,
				BF3E93612363159600422B8B /* testViewController.swift in Sources */,
				BF14076823572AD800D1B2B8 /* noNetworkController.swift in Sources */,
				BF156FE3233CDE2A00FDD8BB /* BookDetailController.swift in Sources */,
				BF22BABD23486614002DE170 /* OwnerCenterControllerController.swift in Sources */,
				BF5788022334DB180088EC33 /* BookCell.swift in Sources */,
				BF57880C23360DEE0088EC33 /* TopUpCreditController.swift in Sources */,
				BF22BABF23486F22002DE170 /* OwnerMenuTableViewCell.swift in Sources */,
				BF66091323399EF000915F16 /* Auto.swift in Sources */,
				BF919B76231CA45600792E80 /* ViewController.swift in Sources */,
				BF341954236706C400AFDC0C /* LearnChooseListController.swift in Sources */,
				BF3E935F2362E76500422B8B /* TestAndErrorBookController.swift in Sources */,
				BF6FD50223365253004021D1 /* CreditAboutController.swift in Sources */,
				BF5787F42334890C0088EC33 /* BookUnitChooseView.swift in Sources */,
				BF156FEB233DC9D300FDD8BB /* ListeningCellHeadView.swift in Sources */,
				BF66091223399EF000915F16 /* Inch.swift in Sources */,
				BFDE89992377A98800C0B67F /* DetailView.swift in Sources */,
				BF1A6A332338E51700C3A908 /* OpinionFeedbackController.swift in Sources */,
				BF3A41B1237036DF007BABF7 /* WriteLearnDetailController.swift in Sources */,
				BFEFE694235B2C5900E8A25B /* BaseUINavigationViewController.swift in Sources */,
				BF0C7825235DE84F00FF9CE2 /* IdentityTapGestureRecongnizer.swift in Sources */,
				BFDE89952377A79A00C0B67F /* SchoolOralController.swift in Sources */,
				BFAFB7AE235DCD7A00656771 /* WordUnitChooseController.swift in Sources */,
				BF5787EC2334890C0088EC33 /* NewItemViewController.swift in Sources */,
				BF578804233504E00088EC33 /* MyShelfController.swift in Sources */,
				BFD7297D232F613E002D79AD /* ZFCountingLabel.m in Sources */,
				BF5787D72333AB460088EC33 /* UnitChooseCell.swift in Sources */,
				BFDE89972377A7BB00C0B67F /* ChooseVIew.swift in Sources */,
				BF91D1DB233A745C00132BAE /* RecommandationCellView.swift in Sources */,
				BF5787F32334890C0088EC33 /* ChooseUnitViewController.swift in Sources */,
				BF6FD50023362867004021D1 /* TopUpRecordController.swift in Sources */,
				BF5787FE2334CE040088EC33 /* BooksChooseController.swift in Sources */,
				BF156FE9233D088A00FDD8BB /* StartView.swift in Sources */,
				BF5787FC2334CC920088EC33 /* NoServiceController.swift in Sources */,
				BF306FF523267FAD002ABD67 /* UIColor+valueRGB.swift in Sources */,
				BFDE899B2377AC4C00C0B67F /* popularPhraseController.swift in Sources */,
				BF5787F82334C3C10088EC33 /* RegisterController.swift in Sources */,
				BF22BAC3234881ED002DE170 /* HomePageController.swift in Sources */,
				BFD72977232F6025002D79AD /* ZFCircleProgress.m in Sources */,
				BF5787F12334890C0088EC33 /* ListeningDetails.swift in Sources */,
				BF22BACD234982D7002DE170 /* ChooseLessionsView.swift in Sources */,
				BF919B74231CA45600792E80 /* AppDelegate.swift in Sources */,
				BF5787FA2334CB1A0088EC33 /* RecommendationController.swift in Sources */,
				BFDE899D2377ACFE00C0B67F /* wordLearnController.swift in Sources */,
				BFDE899F2377B91100C0B67F /* ReadLearnController.swift in Sources */,
				BF03737823640D4100D09393 /* SynExerciseImageView.swift in Sources */,
				BF5787F62334AA2F0088EC33 /* LoginController.swift in Sources */,
				BF6FD50423365695004021D1 /* AboutUsController.swift in Sources */,
				BFDE89922377A18500C0B67F /* DailyLearnController.swift in Sources */,
				BF5787EE2334890C0088EC33 /* SynExercise.swift in Sources */,
				BF86BB912352AFA600A23C2F /* HeadBgView.swift in Sources */,
				BF1A6A312338A94F00C3A908 /* Define.swift in Sources */,
				BF5788092335088B0088EC33 /* BookInShelf.swift in Sources */,
				BFAAFD55237045BB008D8F0B /* ListeningLearnDetailController.swift in Sources */,
			);
			runOnlyForDeploymentPostprocessing = 0;
		};
/* End PBXSourcesBuildPhase section */

/* Begin PBXVariantGroup section */
		BF919B77231CA45600792E80 /* Main.storyboard */ = {
			isa = PBXVariantGroup;
			children = (
				BF919B78231CA45600792E80 /* Base */,
			);
			name = Main.storyboard;
			sourceTree = "<group>";
		};
		BF919B7C231CA45800792E80 /* LaunchScreen.storyboard */ = {
			isa = PBXVariantGroup;
			children = (
				BF919B7D231CA45800792E80 /* Base */,
			);
			name = LaunchScreen.storyboard;
			sourceTree = "<group>";
		};
/* End PBXVariantGroup section */

/* Begin XCBuildConfiguration section */
		BF919B80231CA45800792E80 /* Debug */ = {
			isa = XCBuildConfiguration;
			buildSettings = {
				ALWAYS_SEARCH_USER_PATHS = NO;
				CLANG_ANALYZER_NONNULL = YES;
				CLANG_ANALYZER_NUMBER_OBJECT_CONVERSION = YES_AGGRESSIVE;
				CLANG_CXX_LANGUAGE_STANDARD = "gnu++14";
				CLANG_CXX_LIBRARY = "libc++";
				CLANG_ENABLE_MODULES = YES;
				CLANG_ENABLE_OBJC_ARC = YES;
				CLANG_ENABLE_OBJC_WEAK = YES;
				CLANG_WARN_BLOCK_CAPTURE_AUTORELEASING = YES;
				CLANG_WARN_BOOL_CONVERSION = YES;
				CLANG_WARN_COMMA = YES;
				CLANG_WARN_CONSTANT_CONVERSION = YES;
				CLANG_WARN_DEPRECATED_OBJC_IMPLEMENTATIONS = YES;
				CLANG_WARN_DIRECT_OBJC_ISA_USAGE = YES_ERROR;
				CLANG_WARN_DOCUMENTATION_COMMENTS = YES;
				CLANG_WARN_EMPTY_BODY = YES;
				CLANG_WARN_ENUM_CONVERSION = YES;
				CLANG_WARN_INFINITE_RECURSION = YES;
				CLANG_WARN_INT_CONVERSION = YES;
				CLANG_WARN_NON_LITERAL_NULL_CONVERSION = YES;
				CLANG_WARN_OBJC_IMPLICIT_RETAIN_SELF = YES;
				CLANG_WARN_OBJC_LITERAL_CONVERSION = YES;
				CLANG_WARN_OBJC_ROOT_CLASS = YES_ERROR;
				CLANG_WARN_RANGE_LOOP_ANALYSIS = YES;
				CLANG_WARN_STRICT_PROTOTYPES = YES;
				CLANG_WARN_SUSPICIOUS_MOVE = YES;
				CLANG_WARN_UNGUARDED_AVAILABILITY = YES_AGGRESSIVE;
				CLANG_WARN_UNREACHABLE_CODE = YES;
				CLANG_WARN__DUPLICATE_METHOD_MATCH = YES;
				CODE_SIGN_IDENTITY = "iPhone Developer";
				COPY_PHASE_STRIP = NO;
				DEBUG_INFORMATION_FORMAT = dwarf;
				ENABLE_STRICT_OBJC_MSGSEND = YES;
				ENABLE_TESTABILITY = YES;
				GCC_C_LANGUAGE_STANDARD = gnu11;
				GCC_DYNAMIC_NO_PIC = NO;
				GCC_NO_COMMON_BLOCKS = YES;
				GCC_OPTIMIZATION_LEVEL = 0;
				GCC_PREPROCESSOR_DEFINITIONS = (
					"DEBUG=1",
					"$(inherited)",
				);
				GCC_WARN_64_TO_32_BIT_CONVERSION = YES;
				GCC_WARN_ABOUT_RETURN_TYPE = YES_ERROR;
				GCC_WARN_UNDECLARED_SELECTOR = YES;
				GCC_WARN_UNINITIALIZED_AUTOS = YES_AGGRESSIVE;
				GCC_WARN_UNUSED_FUNCTION = YES;
				GCC_WARN_UNUSED_VARIABLE = YES;
				IPHONEOS_DEPLOYMENT_TARGET = 12.4;
				MTL_ENABLE_DEBUG_INFO = INCLUDE_SOURCE;
				MTL_FAST_MATH = YES;
				ONLY_ACTIVE_ARCH = YES;
				SDKROOT = iphoneos;
				SWIFT_ACTIVE_COMPILATION_CONDITIONS = DEBUG;
				SWIFT_OPTIMIZATION_LEVEL = "-Onone";
			};
			name = Debug;
		};
		BF919B81231CA45800792E80 /* Release */ = {
			isa = XCBuildConfiguration;
			buildSettings = {
				ALWAYS_SEARCH_USER_PATHS = NO;
				CLANG_ANALYZER_NONNULL = YES;
				CLANG_ANALYZER_NUMBER_OBJECT_CONVERSION = YES_AGGRESSIVE;
				CLANG_CXX_LANGUAGE_STANDARD = "gnu++14";
				CLANG_CXX_LIBRARY = "libc++";
				CLANG_ENABLE_MODULES = YES;
				CLANG_ENABLE_OBJC_ARC = YES;
				CLANG_ENABLE_OBJC_WEAK = YES;
				CLANG_WARN_BLOCK_CAPTURE_AUTORELEASING = YES;
				CLANG_WARN_BOOL_CONVERSION = YES;
				CLANG_WARN_COMMA = YES;
				CLANG_WARN_CONSTANT_CONVERSION = YES;
				CLANG_WARN_DEPRECATED_OBJC_IMPLEMENTATIONS = YES;
				CLANG_WARN_DIRECT_OBJC_ISA_USAGE = YES_ERROR;
				CLANG_WARN_DOCUMENTATION_COMMENTS = YES;
				CLANG_WARN_EMPTY_BODY = YES;
				CLANG_WARN_ENUM_CONVERSION = YES;
				CLANG_WARN_INFINITE_RECURSION = YES;
				CLANG_WARN_INT_CONVERSION = YES;
				CLANG_WARN_NON_LITERAL_NULL_CONVERSION = YES;
				CLANG_WARN_OBJC_IMPLICIT_RETAIN_SELF = YES;
				CLANG_WARN_OBJC_LITERAL_CONVERSION = YES;
				CLANG_WARN_OBJC_ROOT_CLASS = YES_ERROR;
				CLANG_WARN_RANGE_LOOP_ANALYSIS = YES;
				CLANG_WARN_STRICT_PROTOTYPES = YES;
				CLANG_WARN_SUSPICIOUS_MOVE = YES;
				CLANG_WARN_UNGUARDED_AVAILABILITY = YES_AGGRESSIVE;
				CLANG_WARN_UNREACHABLE_CODE = YES;
				CLANG_WARN__DUPLICATE_METHOD_MATCH = YES;
				CODE_SIGN_IDENTITY = "iPhone Developer";
				COPY_PHASE_STRIP = NO;
				DEBUG_INFORMATION_FORMAT = "dwarf-with-dsym";
				ENABLE_NS_ASSERTIONS = NO;
				ENABLE_STRICT_OBJC_MSGSEND = YES;
				GCC_C_LANGUAGE_STANDARD = gnu11;
				GCC_NO_COMMON_BLOCKS = YES;
				GCC_WARN_64_TO_32_BIT_CONVERSION = YES;
				GCC_WARN_ABOUT_RETURN_TYPE = YES_ERROR;
				GCC_WARN_UNDECLARED_SELECTOR = YES;
				GCC_WARN_UNINITIALIZED_AUTOS = YES_AGGRESSIVE;
				GCC_WARN_UNUSED_FUNCTION = YES;
				GCC_WARN_UNUSED_VARIABLE = YES;
				IPHONEOS_DEPLOYMENT_TARGET = 12.4;
				MTL_ENABLE_DEBUG_INFO = NO;
				MTL_FAST_MATH = YES;
				SDKROOT = iphoneos;
				SWIFT_COMPILATION_MODE = wholemodule;
				SWIFT_OPTIMIZATION_LEVEL = "-O";
				VALIDATE_PRODUCT = YES;
			};
			name = Release;
		};
		BF919B83231CA45800792E80 /* Debug */ = {
			isa = XCBuildConfiguration;
			baseConfigurationReference = 7564D5E222C353C0A5F46886 /* Pods-EnglishAPPDemo.debug.xcconfig */;
			buildSettings = {
				ASSETCATALOG_COMPILER_APPICON_NAME = AppIcon;
				CLANG_ENABLE_MODULES = YES;
				CODE_SIGN_STYLE = Automatic;
				DEVELOPMENT_TEAM = BW2NQM59K6;
				INFOPLIST_FILE = EnglishAPPDemo/Info.plist;
				IPHONEOS_DEPLOYMENT_TARGET = 12.4;
				LD_RUNPATH_SEARCH_PATHS = (
					"$(inherited)",
					"@executable_path/Frameworks",
				);
				PRODUCT_BUNDLE_IDENTIFIER = com.csu.EnglishAPPDemo;
				PRODUCT_NAME = "$(TARGET_NAME)";
				SWIFT_OBJC_BRIDGING_HEADER = "EnglishAPPDemo/ZFCircleProgress/EnglishAPPDemo-Bridging-Header.h";
				SWIFT_OPTIMIZATION_LEVEL = "-Onone";
				SWIFT_VERSION = 5.0;
				TARGETED_DEVICE_FAMILY = "1,2";
			};
			name = Debug;
		};
		BF919B84231CA45800792E80 /* Release */ = {
			isa = XCBuildConfiguration;
			baseConfigurationReference = A6B431AB5E69C77909FDDBBB /* Pods-EnglishAPPDemo.release.xcconfig */;
			buildSettings = {
				ASSETCATALOG_COMPILER_APPICON_NAME = AppIcon;
				CLANG_ENABLE_MODULES = YES;
				CODE_SIGN_STYLE = Automatic;
				DEVELOPMENT_TEAM = BW2NQM59K6;
				INFOPLIST_FILE = EnglishAPPDemo/Info.plist;
				IPHONEOS_DEPLOYMENT_TARGET = 12.4;
				LD_RUNPATH_SEARCH_PATHS = (
					"$(inherited)",
					"@executable_path/Frameworks",
				);
				PRODUCT_BUNDLE_IDENTIFIER = com.csu.EnglishAPPDemo;
				PRODUCT_NAME = "$(TARGET_NAME)";
				SWIFT_OBJC_BRIDGING_HEADER = "EnglishAPPDemo/ZFCircleProgress/EnglishAPPDemo-Bridging-Header.h";
				SWIFT_VERSION = 5.0;
				TARGETED_DEVICE_FAMILY = "1,2";
			};
			name = Release;
		};
/* End XCBuildConfiguration section */

/* Begin XCConfigurationList section */
		BF919B6B231CA45500792E80 /* Build configuration list for PBXProject "EnglishAPPDemo" */ = {
			isa = XCConfigurationList;
			buildConfigurations = (
				BF919B80231CA45800792E80 /* Debug */,
				BF919B81231CA45800792E80 /* Release */,
			);
			defaultConfigurationIsVisible = 0;
			defaultConfigurationName = Release;
		};
		BF919B82231CA45800792E80 /* Build configuration list for PBXNativeTarget "EnglishAPPDemo" */ = {
			isa = XCConfigurationList;
			buildConfigurations = (
				BF919B83231CA45800792E80 /* Debug */,
				BF919B84231CA45800792E80 /* Release */,
			);
			defaultConfigurationIsVisible = 0;
			defaultConfigurationName = Release;
		};
/* End XCConfigurationList section */
	};
	rootObject = BF919B68231CA45500792E80 /* Project object */;
}
